
Microsoft Visual Studio Solution File, Format Version 11.00
# Visual Studio 2010
Project("{FAE04EC0-301F-11D3-BF4B-00C04F79EFBC}") = "teteWriteItem", "teteWriteItem\teteWriteItem.csproj", "{2B7CC1BB-4997-4501-9E1D-6945DCFA4879}"
EndProject
Project("{FAE04EC0-301F-11D3-BF4B-00C04F79EFBC}") = "tetegroupbuy", "tetegroupbuy\tetegroupbuy.csproj", "{4F3A1B8D-04FD-43B9-9515-AB0F6E68C751}"
EndProject
Project("{FAE04EC0-301F-11D3-BF4B-00C04F79EFBC}") = "teteReview", "teteReview\teteReview.csproj", "{AC09BB34-CF55-48D8-9378-0CB6DBF6E7AC}"
EndProject
Project("{FAE04EC0-301F-11D3-BF4B-00C04F79EFBC}") = "teteiPhone", "teteiPhone\teteiPhone.csproj", "{8B373B90-3A64-4738-B5DA-B7902EC9E7C5}"
EndProject
Project("{FAE04EC0-301F-11D3-BF4B-00C04F79EFBC}") = "ReviewSend", "ReviewSend\ReviewSend.csproj", "{7C308E8F-CED1-4D15-86F6-52B6D27F3214}"
EndProject
Project("{FAE04EC0-301F-11D3-BF4B-00C04F79EFBC}") = "TeteGetUserOrder", "TeteGetUserOrder\TeteGetUserOrder.csproj", "{B4F6F1D8-8095-4A75-A4DD-D721FE469C52}"
EndProject
Project("{FAE04EC0-301F-11D3-BF4B-00C04F79EFBC}") = "TeteTopApi", "TeteTopApi\TeteTopApi.csproj", "{F1175121-6CAF-4B7A-8588-9CDF2B598059}"
EndProject
Project("{FAE04EC0-301F-11D3-BF4B-00C04F79EFBC}") = "ReviewSendCheck", "ReviewSendCheck\ReviewSendCheck.csproj", "{C0063B6F-4EE5-493F-B444-42A297366B9D}"
EndProject
Project("{FAE04EC0-301F-11D3-BF4B-00C04F79EFBC}") = "ReviewShippingCheck", "ReviewShippingCheck\ReviewShippingCheck.csproj", "{140D6B0B-8B2D-4EB7-A1C3-1BF4D466E153}"
EndProject
Project("{FAE04EC0-301F-11D3-BF4B-00C04F79EFBC}") = "ReviewOrderAlert", "ReviewOrderAlert\ReviewOrderAlert.csproj", "{10B00E41-8B74-41FE-8EE4-4F132F9AA22B}"
EndProject
Project("{FAE04EC0-301F-11D3-BF4B-00C04F79EFBC}") = "TestApi", "TestApi\TestApi.csproj", "{3D2AF342-E4F3-4C7B-BA27-EC6FC711F90A}"
EndProject
Global
	GlobalSection(SolutionConfigurationPlatforms) = preSolution
		Debug|Any CPU = Debug|Any CPU
		Debug|Mixed Platforms = Debug|Mixed Platforms
		Debug|x86 = Debug|x86
		Release|Any CPU = Release|Any CPU
		Release|Mixed Platforms = Release|Mixed Platforms
		Release|x86 = Release|x86
	EndGlobalSection
	GlobalSection(ProjectConfigurationPlatforms) = postSolution
		{2B7CC1BB-4997-4501-9E1D-6945DCFA4879}.Debug|Any CPU.ActiveCfg = Debug|x86
		{2B7CC1BB-4997-4501-9E1D-6945DCFA4879}.Debug|Mixed Platforms.ActiveCfg = Debug|x86
		{2B7CC1BB-4997-4501-9E1D-6945DCFA4879}.Debug|Mixed Platforms.Build.0 = Debug|x86
		{2B7CC1BB-4997-4501-9E1D-6945DCFA4879}.Debug|x86.ActiveCfg = Debug|x86
		{2B7CC1BB-4997-4501-9E1D-6945DCFA4879}.Debug|x86.Build.0 = Debug|x86
		{2B7CC1BB-4997-4501-9E1D-6945DCFA4879}.Release|Any CPU.ActiveCfg = Release|x86
		{2B7CC1BB-4997-4501-9E1D-6945DCFA4879}.Release|Mixed Platforms.ActiveCfg = Release|x86
		{2B7CC1BB-4997-4501-9E1D-6945DCFA4879}.Release|Mixed Platforms.Build.0 = Release|x86
		{2B7CC1BB-4997-4501-9E1D-6945DCFA4879}.Release|x86.ActiveCfg = Release|x86
		{2B7CC1BB-4997-4501-9E1D-6945DCFA4879}.Release|x86.Build.0 = Release|x86
		{4F3A1B8D-04FD-43B9-9515-AB0F6E68C751}.Debug|Any CPU.ActiveCfg = Debug|x86
		{4F3A1B8D-04FD-43B9-9515-AB0F6E68C751}.Debug|Mixed Platforms.ActiveCfg = Debug|x86
		{4F3A1B8D-04FD-43B9-9515-AB0F6E68C751}.Debug|Mixed Platforms.Build.0 = Debug|x86
		{4F3A1B8D-04FD-43B9-9515-AB0F6E68C751}.Debug|x86.ActiveCfg = Debug|x86
		{4F3A1B8D-04FD-43B9-9515-AB0F6E68C751}.Debug|x86.Build.0 = Debug|x86
		{4F3A1B8D-04FD-43B9-9515-AB0F6E68C751}.Release|Any CPU.ActiveCfg = Release|x86
		{4F3A1B8D-04FD-43B9-9515-AB0F6E68C751}.Release|Mixed Platforms.ActiveCfg = Release|x86
		{4F3A1B8D-04FD-43B9-9515-AB0F6E68C751}.Release|Mixed Platforms.Build.0 = Release|x86
		{4F3A1B8D-04FD-43B9-9515-AB0F6E68C751}.Release|x86.ActiveCfg = Release|x86
		{4F3A1B8D-04FD-43B9-9515-AB0F6E68C751}.Release|x86.Build.0 = Release|x86
		{AC09BB34-CF55-48D8-9378-0CB6DBF6E7AC}.Debug|Any CPU.ActiveCfg = Debug|x86
		{AC09BB34-CF55-48D8-9378-0CB6DBF6E7AC}.Debug|Mixed Platforms.ActiveCfg = Debug|x86
		{AC09BB34-CF55-48D8-9378-0CB6DBF6E7AC}.Debug|Mixed Platforms.Build.0 = Debug|x86
		{AC09BB34-CF55-48D8-9378-0CB6DBF6E7AC}.Debug|x86.ActiveCfg = Debug|x86
		{AC09BB34-CF55-48D8-9378-0CB6DBF6E7AC}.Debug|x86.Build.0 = Debug|x86
		{AC09BB34-CF55-48D8-9378-0CB6DBF6E7AC}.Release|Any CPU.ActiveCfg = Release|x86
		{AC09BB34-CF55-48D8-9378-0CB6DBF6E7AC}.Release|Mixed Platforms.ActiveCfg = Release|x86
		{AC09BB34-CF55-48D8-9378-0CB6DBF6E7AC}.Release|Mixed Platforms.Build.0 = Release|x86
		{AC09BB34-CF55-48D8-9378-0CB6DBF6E7AC}.Release|x86.ActiveCfg = Release|x86
		{AC09BB34-CF55-48D8-9378-0CB6DBF6E7AC}.Release|x86.Build.0 = Release|x86
		{8B373B90-3A64-4738-B5DA-B7902EC9E7C5}.Debug|Any CPU.ActiveCfg = Debug|x86
		{8B373B90-3A64-4738-B5DA-B7902EC9E7C5}.Debug|Mixed Platforms.ActiveCfg = Debug|x86
		{8B373B90-3A64-4738-B5DA-B7902EC9E7C5}.Debug|Mixed Platforms.Build.0 = Debug|x86
		{8B373B90-3A64-4738-B5DA-B7902EC9E7C5}.Debug|x86.ActiveCfg = Debug|x86
		{8B373B90-3A64-4738-B5DA-B7902EC9E7C5}.Debug|x86.Build.0 = Debug|x86
		{8B373B90-3A64-4738-B5DA-B7902EC9E7C5}.Release|Any CPU.ActiveCfg = Release|x86
		{8B373B90-3A64-4738-B5DA-B7902EC9E7C5}.Release|Mixed Platforms.ActiveCfg = Release|x86
		{8B373B90-3A64-4738-B5DA-B7902EC9E7C5}.Release|Mixed Platforms.Build.0 = Release|x86
		{8B373B90-3A64-4738-B5DA-B7902EC9E7C5}.Release|x86.ActiveCfg = Release|x86
		{8B373B90-3A64-4738-B5DA-B7902EC9E7C5}.Release|x86.Build.0 = Release|x86
		{7C308E8F-CED1-4D15-86F6-52B6D27F3214}.Debug|Any CPU.ActiveCfg = Debug|x86
		{7C308E8F-CED1-4D15-86F6-52B6D27F3214}.Debug|Mixed Platforms.ActiveCfg = Debug|x86
		{7C308E8F-CED1-4D15-86F6-52B6D27F3214}.Debug|Mixed Platforms.Build.0 = Debug|x86
		{7C308E8F-CED1-4D15-86F6-52B6D27F3214}.Debug|x86.ActiveCfg = Debug|x86
		{7C308E8F-CED1-4D15-86F6-52B6D27F3214}.Debug|x86.Build.0 = Debug|x86
		{7C308E8F-CED1-4D15-86F6-52B6D27F3214}.Release|Any CPU.ActiveCfg = Release|x86
		{7C308E8F-CED1-4D15-86F6-52B6D27F3214}.Release|Mixed Platforms.ActiveCfg = Release|x86
		{7C308E8F-CED1-4D15-86F6-52B6D27F3214}.Release|Mixed Platforms.Build.0 = Release|x86
		{7C308E8F-CED1-4D15-86F6-52B6D27F3214}.Release|x86.ActiveCfg = Release|x86
		{7C308E8F-CED1-4D15-86F6-52B6D27F3214}.Release|x86.Build.0 = Release|x86
		{B4F6F1D8-8095-4A75-A4DD-D721FE469C52}.Debug|Any CPU.ActiveCfg = Debug|x86
		{B4F6F1D8-8095-4A75-A4DD-D721FE469C52}.Debug|Mixed Platforms.ActiveCfg = Debug|x86
		{B4F6F1D8-8095-4A75-A4DD-D721FE469C52}.Debug|Mixed Platforms.Build.0 = Debug|x86
		{B4F6F1D8-8095-4A75-A4DD-D721FE469C52}.Debug|x86.ActiveCfg = Debug|x86
		{B4F6F1D8-8095-4A75-A4DD-D721FE469C52}.Debug|x86.Build.0 = Debug|x86
		{B4F6F1D8-8095-4A75-A4DD-D721FE469C52}.Release|Any CPU.ActiveCfg = Release|x86
		{B4F6F1D8-8095-4A75-A4DD-D721FE469C52}.Release|Mixed Platforms.ActiveCfg = Release|x86
		{B4F6F1D8-8095-4A75-A4DD-D721FE469C52}.Release|Mixed Platforms.Build.0 = Release|x86
		{B4F6F1D8-8095-4A75-A4DD-D721FE469C52}.Release|x86.ActiveCfg = Release|x86
		{B4F6F1D8-8095-4A75-A4DD-D721FE469C52}.Release|x86.Build.0 = Release|x86
		{F1175121-6CAF-4B7A-8588-9CDF2B598059}.Debug|Any CPU.ActiveCfg = Debug|Any CPU
		{F1175121-6CAF-4B7A-8588-9CDF2B598059}.Debug|Any CPU.Build.0 = Debug|Any CPU
		{F1175121-6CAF-4B7A-8588-9CDF2B598059}.Debug|Mixed Platforms.ActiveCfg = Debug|Any CPU
		{F1175121-6CAF-4B7A-8588-9CDF2B598059}.Debug|Mixed Platforms.Build.0 = Debug|Any CPU
		{F1175121-6CAF-4B7A-8588-9CDF2B598059}.Debug|x86.ActiveCfg = Debug|Any CPU
		{F1175121-6CAF-4B7A-8588-9CDF2B598059}.Release|Any CPU.ActiveCfg = Release|Any CPU
		{F1175121-6CAF-4B7A-8588-9CDF2B598059}.Release|Any CPU.Build.0 = Release|Any CPU
		{F1175121-6CAF-4B7A-8588-9CDF2B598059}.Release|Mixed Platforms.ActiveCfg = Release|Any CPU
		{F1175121-6CAF-4B7A-8588-9CDF2B598059}.Release|Mixed Platforms.Build.0 = Release|Any CPU
		{F1175121-6CAF-4B7A-8588-9CDF2B598059}.Release|x86.ActiveCfg = Release|Any CPU
		{C0063B6F-4EE5-493F-B444-42A297366B9D}.Debug|Any CPU.ActiveCfg = Debug|x86
		{C0063B6F-4EE5-493F-B444-42A297366B9D}.Debug|Mixed Platforms.ActiveCfg = Debug|x86
		{C0063B6F-4EE5-493F-B444-42A297366B9D}.Debug|Mixed Platforms.Build.0 = Debug|x86
		{C0063B6F-4EE5-493F-B444-42A297366B9D}.Debug|x86.ActiveCfg = Debug|x86
		{C0063B6F-4EE5-493F-B444-42A297366B9D}.Debug|x86.Build.0 = Debug|x86
		{C0063B6F-4EE5-493F-B444-42A297366B9D}.Release|Any CPU.ActiveCfg = Release|x86
		{C0063B6F-4EE5-493F-B444-42A297366B9D}.Release|Mixed Platforms.ActiveCfg = Release|x86
		{C0063B6F-4EE5-493F-B444-42A297366B9D}.Release|Mixed Platforms.Build.0 = Release|x86
		{C0063B6F-4EE5-493F-B444-42A297366B9D}.Release|x86.ActiveCfg = Release|x86
		{C0063B6F-4EE5-493F-B444-42A297366B9D}.Release|x86.Build.0 = Release|x86
		{140D6B0B-8B2D-4EB7-A1C3-1BF4D466E153}.Debug|Any CPU.ActiveCfg = Debug|x86
		{140D6B0B-8B2D-4EB7-A1C3-1BF4D466E153}.Debug|Mixed Platforms.ActiveCfg = Debug|x86
		{140D6B0B-8B2D-4EB7-A1C3-1BF4D466E153}.Debug|Mixed Platforms.Build.0 = Debug|x86
		{140D6B0B-8B2D-4EB7-A1C3-1BF4D466E153}.Debug|x86.ActiveCfg = Debug|x86
		{140D6B0B-8B2D-4EB7-A1C3-1BF4D466E153}.Debug|x86.Build.0 = Debug|x86
		{140D6B0B-8B2D-4EB7-A1C3-1BF4D466E153}.Release|Any CPU.ActiveCfg = Release|x86
		{140D6B0B-8B2D-4EB7-A1C3-1BF4D466E153}.Release|Mixed Platforms.ActiveCfg = Release|x86
		{140D6B0B-8B2D-4EB7-A1C3-1BF4D466E153}.Release|Mixed Platforms.Build.0 = Release|x86
		{140D6B0B-8B2D-4EB7-A1C3-1BF4D466E153}.Release|x86.ActiveCfg = Release|x86
		{140D6B0B-8B2D-4EB7-A1C3-1BF4D466E153}.Release|x86.Build.0 = Release|x86
		{10B00E41-8B74-41FE-8EE4-4F132F9AA22B}.Debug|Any CPU.ActiveCfg = Debug|x86
		{10B00E41-8B74-41FE-8EE4-4F132F9AA22B}.Debug|Mixed Platforms.ActiveCfg = Debug|x86
		{10B00E41-8B74-41FE-8EE4-4F132F9AA22B}.Debug|Mixed Platforms.Build.0 = Debug|x86
		{10B00E41-8B74-41FE-8EE4-4F132F9AA22B}.Debug|x86.ActiveCfg = Debug|x86
		{10B00E41-8B74-41FE-8EE4-4F132F9AA22B}.Debug|x86.Build.0 = Debug|x86
		{10B00E41-8B74-41FE-8EE4-4F132F9AA22B}.Release|Any CPU.ActiveCfg = Release|x86
		{10B00E41-8B74-41FE-8EE4-4F132F9AA22B}.Release|Mixed Platforms.ActiveCfg = Release|x86
		{10B00E41-8B74-41FE-8EE4-4F132F9AA22B}.Release|Mixed Platforms.Build.0 = Release|x86
		{10B00E41-8B74-41FE-8EE4-4F132F9AA22B}.Release|x86.ActiveCfg = Release|x86
		{10B00E41-8B74-41FE-8EE4-4F132F9AA22B}.Release|x86.Build.0 = Release|x86
		{3D2AF342-E4F3-4C7B-BA27-EC6FC711F90A}.Debug|Any CPU.ActiveCfg = Debug|x86
		{3D2AF342-E4F3-4C7B-BA27-EC6FC711F90A}.Debug|Mixed Platforms.ActiveCfg = Debug|x86
		{3D2AF342-E4F3-4C7B-BA27-EC6FC711F90A}.Debug|Mixed Platforms.Build.0 = Debug|x86
		{3D2AF342-E4F3-4C7B-BA27-EC6FC711F90A}.Debug|x86.ActiveCfg = Debug|x86
		{3D2AF342-E4F3-4C7B-BA27-EC6FC711F90A}.Debug|x86.Build.0 = Debug|x86
		{3D2AF342-E4F3-4C7B-BA27-EC6FC711F90A}.Release|Any CPU.ActiveCfg = Release|x86
		{3D2AF342-E4F3-4C7B-BA27-EC6FC711F90A}.Release|Mixed Platforms.ActiveCfg = Release|x86
		{3D2AF342-E4F3-4C7B-BA27-EC6FC711F90A}.Release|Mixed Platforms.Build.0 = Release|x86
		{3D2AF342-E4F3-4C7B-BA27-EC6FC711F90A}.Release|x86.ActiveCfg = Release|x86
		{3D2AF342-E4F3-4C7B-BA27-EC6FC711F90A}.Release|x86.Build.0 = Release|x86
	EndGlobalSection
	GlobalSection(SolutionProperties) = preSolution
		HideSolutionNode = FALSE
	EndGlobalSection
EndGlobal
