
Microsoft Visual Studio Solution File, Format Version 11.00
# Visual Studio 2010
Project("{FAE04EC0-301F-11D3-BF4B-00C04F79EFBC}") = "teteWriteItem", "teteWriteItem\teteWriteItem.csproj", "{2B7CC1BB-4997-4501-9E1D-6945DCFA4879}"
EndProject
Project("{FAE04EC0-301F-11D3-BF4B-00C04F79EFBC}") = "tetegroupbuy", "tetegroupbuy\tetegroupbuy.csproj", "{4F3A1B8D-04FD-43B9-9515-AB0F6E68C751}"
EndProject
Project("{FAE04EC0-301F-11D3-BF4B-00C04F79EFBC}") = "teteReview", "teteReview\teteReview.csproj", "{AC09BB34-CF55-48D8-9378-0CB6DBF6E7AC}"
EndProject
Project("{FAE04EC0-301F-11D3-BF4B-00C04F79EFBC}") = "teteiPhone", "teteiPhone\teteiPhone.csproj", "{8B373B90-3A64-4738-B5DA-B7902EC9E7C5}"
EndProject
Project("{FAE04EC0-301F-11D3-BF4B-00C04F79EFBC}") = "ReviewSend", "ReviewSend\ReviewSend.csproj", "{7C308E8F-CED1-4D15-86F6-52B6D27F3214}"
EndProject
Project("{FAE04EC0-301F-11D3-BF4B-00C04F79EFBC}") = "TeteGetUserOrder", "TeteGetUserOrder\TeteGetUserOrder.csproj", "{B4F6F1D8-8095-4A75-A4DD-D721FE469C52}"
EndProject
Project("{FAE04EC0-301F-11D3-BF4B-00C04F79EFBC}") = "TeteTopApi", "TeteTopApi\TeteTopApi.csproj", "{F1175121-6CAF-4B7A-8588-9CDF2B598059}"
EndProject
Project("{FAE04EC0-301F-11D3-BF4B-00C04F79EFBC}") = "ReviewSendCheck", "ReviewSendCheck\ReviewSendCheck.csproj", "{C0063B6F-4EE5-493F-B444-42A297366B9D}"
EndProject
Project("{FAE04EC0-301F-11D3-BF4B-00C04F79EFBC}") = "ReviewShippingCheck", "ReviewShippingCheck\ReviewShippingCheck.csproj", "{140D6B0B-8B2D-4EB7-A1C3-1BF4D466E153}"
EndProject
Project("{FAE04EC0-301F-11D3-BF4B-00C04F79EFBC}") = "ReviewOrderAlert", "ReviewOrderAlert\ReviewOrderAlert.csproj", "{10B00E41-8B74-41FE-8EE4-4F132F9AA22B}"
EndProject
Project("{FAE04EC0-301F-11D3-BF4B-00C04F79EFBC}") = "TestApi", "TestApi\TestApi.csproj", "{3D2AF342-E4F3-4C7B-BA27-EC6FC711F90A}"
EndProject
Project("{FAE04EC0-301F-11D3-BF4B-00C04F79EFBC}") = "ReviewShopAlert", "ReviewShopAlert\ReviewShopAlert.csproj", "{873FC126-6CB2-4CBC-ADAC-4B330B8E4A68}"
EndProject
Project("{FAE04EC0-301F-11D3-BF4B-00C04F79EFBC}") = "ReviewLostGet", "ReviewLostGet\ReviewLostGet.csproj", "{01A453AA-3263-44CF-B81D-301605722C8F}"
EndProject
Project("{FAE04EC0-301F-11D3-BF4B-00C04F79EFBC}") = "WeiboSend", "WeiboSend\WeiboSend.csproj", "{11C739F7-9F2A-48EE-B5AC-6D06BB1FBD37}"
EndProject
Project("{FAE04EC0-301F-11D3-BF4B-00C04F79EFBC}") = "ActRateInfo", "ActRateInfo\ActRateInfo.csproj", "{540D42BC-23F1-49A0-8DA8-D1567233116D}"
EndProject
Project("{FAE04EC0-301F-11D3-BF4B-00C04F79EFBC}") = "ActTradeInfo", "ActTradeInfo\ActTradeInfo.csproj", "{DDEC09D3-A35E-41CB-A878-6FA2E5ABC4F3}"
EndProject
Project("{FAE04EC0-301F-11D3-BF4B-00C04F79EFBC}") = "ActShippingInfo", "ActShippingInfo\ActShippingInfo.csproj", "{7FE3AB63-1C28-4A85-9039-AEBFBF6674D8}"
EndProject
Project("{FAE04EC0-301F-11D3-BF4B-00C04F79EFBC}") = "TeteCrm", "TeteCrm\TeteCrm.csproj", "{3A4ADEEA-5A9D-4E72-93B3-D99805A91D8B}"
EndProject
Project("{FAE04EC0-301F-11D3-BF4B-00C04F79EFBC}") = "WeiboSendCheckNew", "WeiboSendCheckNew\WeiboSendCheckNew.csproj", "{58D9D76B-5D91-4A03-81D5-84F63B5A33E5}"
EndProject
Project("{FAE04EC0-301F-11D3-BF4B-00C04F79EFBC}") = "ReviewInitCustom", "ReviewInitCustom\ReviewInitCustom.csproj", "{9ADB8154-3627-4933-A168-1B60F7976C14}"
EndProject
Project("{FAE04EC0-301F-11D3-BF4B-00C04F79EFBC}") = "ActUnpayTrade", "ActUnpayTrade\ActUnpayTrade.csproj", "{544D82E8-CC62-4CF6-9CA5-C50E122D747F}"
EndProject
Project("{FAE04EC0-301F-11D3-BF4B-00C04F79EFBC}") = "CallMemberBack", "CallMemberBack\CallMemberBack.csproj", "{D0EED2B3-64F9-4E6A-9FE9-623795484C64}"
EndProject
Project("{FAE04EC0-301F-11D3-BF4B-00C04F79EFBC}") = "ReviewShippingCheckNormal", "ReviewShippingCheckNormal\ReviewShippingCheckNormal.csproj", "{04980A01-22D0-4FF6-ADD9-DCB6C770398A}"
EndProject
Project("{FAE04EC0-301F-11D3-BF4B-00C04F79EFBC}") = "ActRateInfo1", "ActRateInfo1\ActRateInfo1.csproj", "{711470DB-7317-473B-9FEF-596FDAC74A15}"
EndProject
Project("{FAE04EC0-301F-11D3-BF4B-00C04F79EFBC}") = "ReviewSendCheckDing", "ReviewSendCheckDing\ReviewSendCheckDing.csproj", "{3EED53C0-F612-4D63-BBC4-D73D5FBA1D06}"
EndProject
Project("{FAE04EC0-301F-11D3-BF4B-00C04F79EFBC}") = "ReviewSendCheckGroupbuy", "ReviewSendCheckGroupbuy\ReviewSendCheckGroupbuy.csproj", "{9EE0AC11-735C-4B42-AD3A-A33D88AB0C0C}"
EndProject
Project("{FAE04EC0-301F-11D3-BF4B-00C04F79EFBC}") = "ActRateInfo2", "ActRateInfo2\ActRateInfo2.csproj", "{7BAFAEDE-35A0-42D9-8C7F-400E19B08CBD}"
EndProject
Project("{FAE04EC0-301F-11D3-BF4B-00C04F79EFBC}") = "ActRateInfo3", "ActRateInfo3\ActRateInfo3.csproj", "{A1928BE9-99B6-4E5E-A8E3-38D40DA4644D}"
EndProject
Project("{FAE04EC0-301F-11D3-BF4B-00C04F79EFBC}") = "ActRateInfo4", "ActRateInfo4\ActRateInfo4.csproj", "{539EDF30-BB74-44AB-8F67-001C2529E243}"
EndProject
Project("{FAE04EC0-301F-11D3-BF4B-00C04F79EFBC}") = "ActRateInfo5", "ActRateInfo5\ActRateInfo5.csproj", "{56FC99CD-15DE-4224-A145-7F33D6B11C66}"
EndProject
Project("{FAE04EC0-301F-11D3-BF4B-00C04F79EFBC}") = "AutoGroupUser", "AutoGroupUser\AutoGroupUser.csproj", "{CC2FD7A4-BF89-433D-8E21-77390A0343D0}"
EndProject
Project("{FAE04EC0-301F-11D3-BF4B-00C04F79EFBC}") = "AutoMsgSend", "AutoMsgSend\AutoMsgSend.csproj", "{BFB0F339-C67F-4AF1-861A-09B4202BF319}"
EndProject
Project("{FAE04EC0-301F-11D3-BF4B-00C04F79EFBC}") = "ActTradeBuyerPay", "ActTradeBuyerPay\ActTradeBuyerPay.csproj", "{8323DF30-D0A6-42DF-81A8-C3DB9A426322}"
EndProject
Project("{FAE04EC0-301F-11D3-BF4B-00C04F79EFBC}") = "TServerLook", "TServerLook\TServerLook.csproj", "{96462307-9F52-4221-AC4A-15E67E23A283}"
EndProject
Project("{FAE04EC0-301F-11D3-BF4B-00C04F79EFBC}") = "ActShippingInfo1", "ActShippingInfo1\ActShippingInfo1.csproj", "{6B2B5D13-4E86-41EA-AD14-68BA264F950E}"
EndProject
Project("{FAE04EC0-301F-11D3-BF4B-00C04F79EFBC}") = "ActShippingInfo2", "ActShippingInfo2\ActShippingInfo2.csproj", "{49740FE6-9522-4C25-868D-79AD710169A5}"
EndProject
Project("{FAE04EC0-301F-11D3-BF4B-00C04F79EFBC}") = "ReviewShippingCheck1", "ReviewShippingCheck1\ReviewShippingCheck1.csproj", "{0153BFF9-314E-4817-8B11-F7E0D16FE63F}"
EndProject
Project("{FAE04EC0-301F-11D3-BF4B-00C04F79EFBC}") = "ReviewSendCheckDing1", "ReviewSendCheckDing1\ReviewSendCheckDing1.csproj", "{3F05BC83-74D4-4FB3-96CC-BB48E7A28273}"
EndProject
Global
	GlobalSection(SolutionConfigurationPlatforms) = preSolution
		Debug|Any CPU = Debug|Any CPU
		Debug|Mixed Platforms = Debug|Mixed Platforms
		Debug|x86 = Debug|x86
		Release|Any CPU = Release|Any CPU
		Release|Mixed Platforms = Release|Mixed Platforms
		Release|x86 = Release|x86
	EndGlobalSection
	GlobalSection(ProjectConfigurationPlatforms) = postSolution
		{2B7CC1BB-4997-4501-9E1D-6945DCFA4879}.Debug|Any CPU.ActiveCfg = Debug|x86
		{2B7CC1BB-4997-4501-9E1D-6945DCFA4879}.Debug|Mixed Platforms.ActiveCfg = Debug|x86
		{2B7CC1BB-4997-4501-9E1D-6945DCFA4879}.Debug|Mixed Platforms.Build.0 = Debug|x86
		{2B7CC1BB-4997-4501-9E1D-6945DCFA4879}.Debug|x86.ActiveCfg = Debug|x86
		{2B7CC1BB-4997-4501-9E1D-6945DCFA4879}.Debug|x86.Build.0 = Debug|x86
		{2B7CC1BB-4997-4501-9E1D-6945DCFA4879}.Release|Any CPU.ActiveCfg = Release|x86
		{2B7CC1BB-4997-4501-9E1D-6945DCFA4879}.Release|Mixed Platforms.ActiveCfg = Release|x86
		{2B7CC1BB-4997-4501-9E1D-6945DCFA4879}.Release|Mixed Platforms.Build.0 = Release|x86
		{2B7CC1BB-4997-4501-9E1D-6945DCFA4879}.Release|x86.ActiveCfg = Release|x86
		{2B7CC1BB-4997-4501-9E1D-6945DCFA4879}.Release|x86.Build.0 = Release|x86
		{4F3A1B8D-04FD-43B9-9515-AB0F6E68C751}.Debug|Any CPU.ActiveCfg = Debug|x86
		{4F3A1B8D-04FD-43B9-9515-AB0F6E68C751}.Debug|Mixed Platforms.ActiveCfg = Debug|x86
		{4F3A1B8D-04FD-43B9-9515-AB0F6E68C751}.Debug|Mixed Platforms.Build.0 = Debug|x86
		{4F3A1B8D-04FD-43B9-9515-AB0F6E68C751}.Debug|x86.ActiveCfg = Debug|x86
		{4F3A1B8D-04FD-43B9-9515-AB0F6E68C751}.Debug|x86.Build.0 = Debug|x86
		{4F3A1B8D-04FD-43B9-9515-AB0F6E68C751}.Release|Any CPU.ActiveCfg = Release|x86
		{4F3A1B8D-04FD-43B9-9515-AB0F6E68C751}.Release|Mixed Platforms.ActiveCfg = Release|x86
		{4F3A1B8D-04FD-43B9-9515-AB0F6E68C751}.Release|Mixed Platforms.Build.0 = Release|x86
		{4F3A1B8D-04FD-43B9-9515-AB0F6E68C751}.Release|x86.ActiveCfg = Release|x86
		{4F3A1B8D-04FD-43B9-9515-AB0F6E68C751}.Release|x86.Build.0 = Release|x86
		{AC09BB34-CF55-48D8-9378-0CB6DBF6E7AC}.Debug|Any CPU.ActiveCfg = Debug|x86
		{AC09BB34-CF55-48D8-9378-0CB6DBF6E7AC}.Debug|Mixed Platforms.ActiveCfg = Debug|x86
		{AC09BB34-CF55-48D8-9378-0CB6DBF6E7AC}.Debug|Mixed Platforms.Build.0 = Debug|x86
		{AC09BB34-CF55-48D8-9378-0CB6DBF6E7AC}.Debug|x86.ActiveCfg = Debug|x86
		{AC09BB34-CF55-48D8-9378-0CB6DBF6E7AC}.Debug|x86.Build.0 = Debug|x86
		{AC09BB34-CF55-48D8-9378-0CB6DBF6E7AC}.Release|Any CPU.ActiveCfg = Release|x86
		{AC09BB34-CF55-48D8-9378-0CB6DBF6E7AC}.Release|Mixed Platforms.ActiveCfg = Release|x86
		{AC09BB34-CF55-48D8-9378-0CB6DBF6E7AC}.Release|Mixed Platforms.Build.0 = Release|x86
		{AC09BB34-CF55-48D8-9378-0CB6DBF6E7AC}.Release|x86.ActiveCfg = Release|x86
		{AC09BB34-CF55-48D8-9378-0CB6DBF6E7AC}.Release|x86.Build.0 = Release|x86
		{8B373B90-3A64-4738-B5DA-B7902EC9E7C5}.Debug|Any CPU.ActiveCfg = Debug|x86
		{8B373B90-3A64-4738-B5DA-B7902EC9E7C5}.Debug|Mixed Platforms.ActiveCfg = Debug|x86
		{8B373B90-3A64-4738-B5DA-B7902EC9E7C5}.Debug|Mixed Platforms.Build.0 = Debug|x86
		{8B373B90-3A64-4738-B5DA-B7902EC9E7C5}.Debug|x86.ActiveCfg = Debug|x86
		{8B373B90-3A64-4738-B5DA-B7902EC9E7C5}.Debug|x86.Build.0 = Debug|x86
		{8B373B90-3A64-4738-B5DA-B7902EC9E7C5}.Release|Any CPU.ActiveCfg = Release|x86
		{8B373B90-3A64-4738-B5DA-B7902EC9E7C5}.Release|Mixed Platforms.ActiveCfg = Release|x86
		{8B373B90-3A64-4738-B5DA-B7902EC9E7C5}.Release|Mixed Platforms.Build.0 = Release|x86
		{8B373B90-3A64-4738-B5DA-B7902EC9E7C5}.Release|x86.ActiveCfg = Release|x86
		{8B373B90-3A64-4738-B5DA-B7902EC9E7C5}.Release|x86.Build.0 = Release|x86
		{7C308E8F-CED1-4D15-86F6-52B6D27F3214}.Debug|Any CPU.ActiveCfg = Debug|x86
		{7C308E8F-CED1-4D15-86F6-52B6D27F3214}.Debug|Mixed Platforms.ActiveCfg = Debug|x86
		{7C308E8F-CED1-4D15-86F6-52B6D27F3214}.Debug|Mixed Platforms.Build.0 = Debug|x86
		{7C308E8F-CED1-4D15-86F6-52B6D27F3214}.Debug|x86.ActiveCfg = Debug|x86
		{7C308E8F-CED1-4D15-86F6-52B6D27F3214}.Debug|x86.Build.0 = Debug|x86
		{7C308E8F-CED1-4D15-86F6-52B6D27F3214}.Release|Any CPU.ActiveCfg = Release|x86
		{7C308E8F-CED1-4D15-86F6-52B6D27F3214}.Release|Mixed Platforms.ActiveCfg = Release|x86
		{7C308E8F-CED1-4D15-86F6-52B6D27F3214}.Release|Mixed Platforms.Build.0 = Release|x86
		{7C308E8F-CED1-4D15-86F6-52B6D27F3214}.Release|x86.ActiveCfg = Release|x86
		{7C308E8F-CED1-4D15-86F6-52B6D27F3214}.Release|x86.Build.0 = Release|x86
		{B4F6F1D8-8095-4A75-A4DD-D721FE469C52}.Debug|Any CPU.ActiveCfg = Debug|x86
		{B4F6F1D8-8095-4A75-A4DD-D721FE469C52}.Debug|Mixed Platforms.ActiveCfg = Debug|x86
		{B4F6F1D8-8095-4A75-A4DD-D721FE469C52}.Debug|Mixed Platforms.Build.0 = Debug|x86
		{B4F6F1D8-8095-4A75-A4DD-D721FE469C52}.Debug|x86.ActiveCfg = Debug|x86
		{B4F6F1D8-8095-4A75-A4DD-D721FE469C52}.Debug|x86.Build.0 = Debug|x86
		{B4F6F1D8-8095-4A75-A4DD-D721FE469C52}.Release|Any CPU.ActiveCfg = Release|x86
		{B4F6F1D8-8095-4A75-A4DD-D721FE469C52}.Release|Mixed Platforms.ActiveCfg = Release|x86
		{B4F6F1D8-8095-4A75-A4DD-D721FE469C52}.Release|Mixed Platforms.Build.0 = Release|x86
		{B4F6F1D8-8095-4A75-A4DD-D721FE469C52}.Release|x86.ActiveCfg = Release|x86
		{B4F6F1D8-8095-4A75-A4DD-D721FE469C52}.Release|x86.Build.0 = Release|x86
		{F1175121-6CAF-4B7A-8588-9CDF2B598059}.Debug|Any CPU.ActiveCfg = Debug|Any CPU
		{F1175121-6CAF-4B7A-8588-9CDF2B598059}.Debug|Any CPU.Build.0 = Debug|Any CPU
		{F1175121-6CAF-4B7A-8588-9CDF2B598059}.Debug|Mixed Platforms.ActiveCfg = Debug|Any CPU
		{F1175121-6CAF-4B7A-8588-9CDF2B598059}.Debug|Mixed Platforms.Build.0 = Debug|Any CPU
		{F1175121-6CAF-4B7A-8588-9CDF2B598059}.Debug|x86.ActiveCfg = Debug|Any CPU
		{F1175121-6CAF-4B7A-8588-9CDF2B598059}.Release|Any CPU.ActiveCfg = Release|Any CPU
		{F1175121-6CAF-4B7A-8588-9CDF2B598059}.Release|Any CPU.Build.0 = Release|Any CPU
		{F1175121-6CAF-4B7A-8588-9CDF2B598059}.Release|Mixed Platforms.ActiveCfg = Release|Any CPU
		{F1175121-6CAF-4B7A-8588-9CDF2B598059}.Release|Mixed Platforms.Build.0 = Release|Any CPU
		{F1175121-6CAF-4B7A-8588-9CDF2B598059}.Release|x86.ActiveCfg = Release|Any CPU
		{C0063B6F-4EE5-493F-B444-42A297366B9D}.Debug|Any CPU.ActiveCfg = Debug|x86
		{C0063B6F-4EE5-493F-B444-42A297366B9D}.Debug|Mixed Platforms.ActiveCfg = Debug|x86
		{C0063B6F-4EE5-493F-B444-42A297366B9D}.Debug|Mixed Platforms.Build.0 = Debug|x86
		{C0063B6F-4EE5-493F-B444-42A297366B9D}.Debug|x86.ActiveCfg = Debug|x86
		{C0063B6F-4EE5-493F-B444-42A297366B9D}.Debug|x86.Build.0 = Debug|x86
		{C0063B6F-4EE5-493F-B444-42A297366B9D}.Release|Any CPU.ActiveCfg = Release|x86
		{C0063B6F-4EE5-493F-B444-42A297366B9D}.Release|Mixed Platforms.ActiveCfg = Release|x86
		{C0063B6F-4EE5-493F-B444-42A297366B9D}.Release|Mixed Platforms.Build.0 = Release|x86
		{C0063B6F-4EE5-493F-B444-42A297366B9D}.Release|x86.ActiveCfg = Release|x86
		{C0063B6F-4EE5-493F-B444-42A297366B9D}.Release|x86.Build.0 = Release|x86
		{140D6B0B-8B2D-4EB7-A1C3-1BF4D466E153}.Debug|Any CPU.ActiveCfg = Debug|x86
		{140D6B0B-8B2D-4EB7-A1C3-1BF4D466E153}.Debug|Mixed Platforms.ActiveCfg = Debug|x86
		{140D6B0B-8B2D-4EB7-A1C3-1BF4D466E153}.Debug|Mixed Platforms.Build.0 = Debug|x86
		{140D6B0B-8B2D-4EB7-A1C3-1BF4D466E153}.Debug|x86.ActiveCfg = Debug|x86
		{140D6B0B-8B2D-4EB7-A1C3-1BF4D466E153}.Debug|x86.Build.0 = Debug|x86
		{140D6B0B-8B2D-4EB7-A1C3-1BF4D466E153}.Release|Any CPU.ActiveCfg = Release|x86
		{140D6B0B-8B2D-4EB7-A1C3-1BF4D466E153}.Release|Mixed Platforms.ActiveCfg = Release|x86
		{140D6B0B-8B2D-4EB7-A1C3-1BF4D466E153}.Release|Mixed Platforms.Build.0 = Release|x86
		{140D6B0B-8B2D-4EB7-A1C3-1BF4D466E153}.Release|x86.ActiveCfg = Release|x86
		{140D6B0B-8B2D-4EB7-A1C3-1BF4D466E153}.Release|x86.Build.0 = Release|x86
		{10B00E41-8B74-41FE-8EE4-4F132F9AA22B}.Debug|Any CPU.ActiveCfg = Debug|x86
		{10B00E41-8B74-41FE-8EE4-4F132F9AA22B}.Debug|Mixed Platforms.ActiveCfg = Debug|x86
		{10B00E41-8B74-41FE-8EE4-4F132F9AA22B}.Debug|Mixed Platforms.Build.0 = Debug|x86
		{10B00E41-8B74-41FE-8EE4-4F132F9AA22B}.Debug|x86.ActiveCfg = Debug|x86
		{10B00E41-8B74-41FE-8EE4-4F132F9AA22B}.Debug|x86.Build.0 = Debug|x86
		{10B00E41-8B74-41FE-8EE4-4F132F9AA22B}.Release|Any CPU.ActiveCfg = Release|x86
		{10B00E41-8B74-41FE-8EE4-4F132F9AA22B}.Release|Mixed Platforms.ActiveCfg = Release|x86
		{10B00E41-8B74-41FE-8EE4-4F132F9AA22B}.Release|Mixed Platforms.Build.0 = Release|x86
		{10B00E41-8B74-41FE-8EE4-4F132F9AA22B}.Release|x86.ActiveCfg = Release|x86
		{10B00E41-8B74-41FE-8EE4-4F132F9AA22B}.Release|x86.Build.0 = Release|x86
		{3D2AF342-E4F3-4C7B-BA27-EC6FC711F90A}.Debug|Any CPU.ActiveCfg = Debug|x86
		{3D2AF342-E4F3-4C7B-BA27-EC6FC711F90A}.Debug|Mixed Platforms.ActiveCfg = Debug|x86
		{3D2AF342-E4F3-4C7B-BA27-EC6FC711F90A}.Debug|Mixed Platforms.Build.0 = Debug|x86
		{3D2AF342-E4F3-4C7B-BA27-EC6FC711F90A}.Debug|x86.ActiveCfg = Debug|x86
		{3D2AF342-E4F3-4C7B-BA27-EC6FC711F90A}.Debug|x86.Build.0 = Debug|x86
		{3D2AF342-E4F3-4C7B-BA27-EC6FC711F90A}.Release|Any CPU.ActiveCfg = Release|x86
		{3D2AF342-E4F3-4C7B-BA27-EC6FC711F90A}.Release|Mixed Platforms.ActiveCfg = Release|x86
		{3D2AF342-E4F3-4C7B-BA27-EC6FC711F90A}.Release|Mixed Platforms.Build.0 = Release|x86
		{3D2AF342-E4F3-4C7B-BA27-EC6FC711F90A}.Release|x86.ActiveCfg = Release|x86
		{3D2AF342-E4F3-4C7B-BA27-EC6FC711F90A}.Release|x86.Build.0 = Release|x86
		{873FC126-6CB2-4CBC-ADAC-4B330B8E4A68}.Debug|Any CPU.ActiveCfg = Debug|x86
		{873FC126-6CB2-4CBC-ADAC-4B330B8E4A68}.Debug|Mixed Platforms.ActiveCfg = Debug|x86
		{873FC126-6CB2-4CBC-ADAC-4B330B8E4A68}.Debug|Mixed Platforms.Build.0 = Debug|x86
		{873FC126-6CB2-4CBC-ADAC-4B330B8E4A68}.Debug|x86.ActiveCfg = Debug|x86
		{873FC126-6CB2-4CBC-ADAC-4B330B8E4A68}.Debug|x86.Build.0 = Debug|x86
		{873FC126-6CB2-4CBC-ADAC-4B330B8E4A68}.Release|Any CPU.ActiveCfg = Release|x86
		{873FC126-6CB2-4CBC-ADAC-4B330B8E4A68}.Release|Mixed Platforms.ActiveCfg = Release|x86
		{873FC126-6CB2-4CBC-ADAC-4B330B8E4A68}.Release|Mixed Platforms.Build.0 = Release|x86
		{873FC126-6CB2-4CBC-ADAC-4B330B8E4A68}.Release|x86.ActiveCfg = Release|x86
		{873FC126-6CB2-4CBC-ADAC-4B330B8E4A68}.Release|x86.Build.0 = Release|x86
		{01A453AA-3263-44CF-B81D-301605722C8F}.Debug|Any CPU.ActiveCfg = Debug|x86
		{01A453AA-3263-44CF-B81D-301605722C8F}.Debug|Mixed Platforms.ActiveCfg = Debug|x86
		{01A453AA-3263-44CF-B81D-301605722C8F}.Debug|Mixed Platforms.Build.0 = Debug|x86
		{01A453AA-3263-44CF-B81D-301605722C8F}.Debug|x86.ActiveCfg = Debug|x86
		{01A453AA-3263-44CF-B81D-301605722C8F}.Debug|x86.Build.0 = Debug|x86
		{01A453AA-3263-44CF-B81D-301605722C8F}.Release|Any CPU.ActiveCfg = Release|x86
		{01A453AA-3263-44CF-B81D-301605722C8F}.Release|Mixed Platforms.ActiveCfg = Release|x86
		{01A453AA-3263-44CF-B81D-301605722C8F}.Release|Mixed Platforms.Build.0 = Release|x86
		{01A453AA-3263-44CF-B81D-301605722C8F}.Release|x86.ActiveCfg = Release|x86
		{01A453AA-3263-44CF-B81D-301605722C8F}.Release|x86.Build.0 = Release|x86
		{11C739F7-9F2A-48EE-B5AC-6D06BB1FBD37}.Debug|Any CPU.ActiveCfg = Debug|x86
		{11C739F7-9F2A-48EE-B5AC-6D06BB1FBD37}.Debug|Mixed Platforms.ActiveCfg = Debug|x86
		{11C739F7-9F2A-48EE-B5AC-6D06BB1FBD37}.Debug|Mixed Platforms.Build.0 = Debug|x86
		{11C739F7-9F2A-48EE-B5AC-6D06BB1FBD37}.Debug|x86.ActiveCfg = Debug|x86
		{11C739F7-9F2A-48EE-B5AC-6D06BB1FBD37}.Debug|x86.Build.0 = Debug|x86
		{11C739F7-9F2A-48EE-B5AC-6D06BB1FBD37}.Release|Any CPU.ActiveCfg = Release|x86
		{11C739F7-9F2A-48EE-B5AC-6D06BB1FBD37}.Release|Mixed Platforms.ActiveCfg = Release|x86
		{11C739F7-9F2A-48EE-B5AC-6D06BB1FBD37}.Release|Mixed Platforms.Build.0 = Release|x86
		{11C739F7-9F2A-48EE-B5AC-6D06BB1FBD37}.Release|x86.ActiveCfg = Release|x86
		{11C739F7-9F2A-48EE-B5AC-6D06BB1FBD37}.Release|x86.Build.0 = Release|x86
		{540D42BC-23F1-49A0-8DA8-D1567233116D}.Debug|Any CPU.ActiveCfg = Debug|x86
		{540D42BC-23F1-49A0-8DA8-D1567233116D}.Debug|Mixed Platforms.ActiveCfg = Debug|x86
		{540D42BC-23F1-49A0-8DA8-D1567233116D}.Debug|Mixed Platforms.Build.0 = Debug|x86
		{540D42BC-23F1-49A0-8DA8-D1567233116D}.Debug|x86.ActiveCfg = Debug|x86
		{540D42BC-23F1-49A0-8DA8-D1567233116D}.Debug|x86.Build.0 = Debug|x86
		{540D42BC-23F1-49A0-8DA8-D1567233116D}.Release|Any CPU.ActiveCfg = Release|x86
		{540D42BC-23F1-49A0-8DA8-D1567233116D}.Release|Mixed Platforms.ActiveCfg = Release|x86
		{540D42BC-23F1-49A0-8DA8-D1567233116D}.Release|Mixed Platforms.Build.0 = Release|x86
		{540D42BC-23F1-49A0-8DA8-D1567233116D}.Release|x86.ActiveCfg = Release|x86
		{540D42BC-23F1-49A0-8DA8-D1567233116D}.Release|x86.Build.0 = Release|x86
		{DDEC09D3-A35E-41CB-A878-6FA2E5ABC4F3}.Debug|Any CPU.ActiveCfg = Debug|x86
		{DDEC09D3-A35E-41CB-A878-6FA2E5ABC4F3}.Debug|Mixed Platforms.ActiveCfg = Debug|x86
		{DDEC09D3-A35E-41CB-A878-6FA2E5ABC4F3}.Debug|Mixed Platforms.Build.0 = Debug|x86
		{DDEC09D3-A35E-41CB-A878-6FA2E5ABC4F3}.Debug|x86.ActiveCfg = Debug|x86
		{DDEC09D3-A35E-41CB-A878-6FA2E5ABC4F3}.Debug|x86.Build.0 = Debug|x86
		{DDEC09D3-A35E-41CB-A878-6FA2E5ABC4F3}.Release|Any CPU.ActiveCfg = Release|x86
		{DDEC09D3-A35E-41CB-A878-6FA2E5ABC4F3}.Release|Mixed Platforms.ActiveCfg = Release|x86
		{DDEC09D3-A35E-41CB-A878-6FA2E5ABC4F3}.Release|Mixed Platforms.Build.0 = Release|x86
		{DDEC09D3-A35E-41CB-A878-6FA2E5ABC4F3}.Release|x86.ActiveCfg = Release|x86
		{DDEC09D3-A35E-41CB-A878-6FA2E5ABC4F3}.Release|x86.Build.0 = Release|x86
		{7FE3AB63-1C28-4A85-9039-AEBFBF6674D8}.Debug|Any CPU.ActiveCfg = Debug|x86
		{7FE3AB63-1C28-4A85-9039-AEBFBF6674D8}.Debug|Mixed Platforms.ActiveCfg = Debug|x86
		{7FE3AB63-1C28-4A85-9039-AEBFBF6674D8}.Debug|Mixed Platforms.Build.0 = Debug|x86
		{7FE3AB63-1C28-4A85-9039-AEBFBF6674D8}.Debug|x86.ActiveCfg = Debug|x86
		{7FE3AB63-1C28-4A85-9039-AEBFBF6674D8}.Debug|x86.Build.0 = Debug|x86
		{7FE3AB63-1C28-4A85-9039-AEBFBF6674D8}.Release|Any CPU.ActiveCfg = Release|x86
		{7FE3AB63-1C28-4A85-9039-AEBFBF6674D8}.Release|Mixed Platforms.ActiveCfg = Release|x86
		{7FE3AB63-1C28-4A85-9039-AEBFBF6674D8}.Release|Mixed Platforms.Build.0 = Release|x86
		{7FE3AB63-1C28-4A85-9039-AEBFBF6674D8}.Release|x86.ActiveCfg = Release|x86
		{7FE3AB63-1C28-4A85-9039-AEBFBF6674D8}.Release|x86.Build.0 = Release|x86
		{3A4ADEEA-5A9D-4E72-93B3-D99805A91D8B}.Debug|Any CPU.ActiveCfg = Debug|x86
		{3A4ADEEA-5A9D-4E72-93B3-D99805A91D8B}.Debug|Mixed Platforms.ActiveCfg = Debug|x86
		{3A4ADEEA-5A9D-4E72-93B3-D99805A91D8B}.Debug|Mixed Platforms.Build.0 = Debug|x86
		{3A4ADEEA-5A9D-4E72-93B3-D99805A91D8B}.Debug|x86.ActiveCfg = Debug|x86
		{3A4ADEEA-5A9D-4E72-93B3-D99805A91D8B}.Debug|x86.Build.0 = Debug|x86
		{3A4ADEEA-5A9D-4E72-93B3-D99805A91D8B}.Release|Any CPU.ActiveCfg = Release|x86
		{3A4ADEEA-5A9D-4E72-93B3-D99805A91D8B}.Release|Mixed Platforms.ActiveCfg = Release|x86
		{3A4ADEEA-5A9D-4E72-93B3-D99805A91D8B}.Release|Mixed Platforms.Build.0 = Release|x86
		{3A4ADEEA-5A9D-4E72-93B3-D99805A91D8B}.Release|x86.ActiveCfg = Release|x86
		{3A4ADEEA-5A9D-4E72-93B3-D99805A91D8B}.Release|x86.Build.0 = Release|x86
		{58D9D76B-5D91-4A03-81D5-84F63B5A33E5}.Debug|Any CPU.ActiveCfg = Debug|x86
		{58D9D76B-5D91-4A03-81D5-84F63B5A33E5}.Debug|Mixed Platforms.ActiveCfg = Debug|x86
		{58D9D76B-5D91-4A03-81D5-84F63B5A33E5}.Debug|Mixed Platforms.Build.0 = Debug|x86
		{58D9D76B-5D91-4A03-81D5-84F63B5A33E5}.Debug|x86.ActiveCfg = Debug|x86
		{58D9D76B-5D91-4A03-81D5-84F63B5A33E5}.Debug|x86.Build.0 = Debug|x86
		{58D9D76B-5D91-4A03-81D5-84F63B5A33E5}.Release|Any CPU.ActiveCfg = Release|x86
		{58D9D76B-5D91-4A03-81D5-84F63B5A33E5}.Release|Mixed Platforms.ActiveCfg = Release|x86
		{58D9D76B-5D91-4A03-81D5-84F63B5A33E5}.Release|Mixed Platforms.Build.0 = Release|x86
		{58D9D76B-5D91-4A03-81D5-84F63B5A33E5}.Release|x86.ActiveCfg = Release|x86
		{58D9D76B-5D91-4A03-81D5-84F63B5A33E5}.Release|x86.Build.0 = Release|x86
		{9ADB8154-3627-4933-A168-1B60F7976C14}.Debug|Any CPU.ActiveCfg = Debug|x86
		{9ADB8154-3627-4933-A168-1B60F7976C14}.Debug|Mixed Platforms.ActiveCfg = Debug|x86
		{9ADB8154-3627-4933-A168-1B60F7976C14}.Debug|Mixed Platforms.Build.0 = Debug|x86
		{9ADB8154-3627-4933-A168-1B60F7976C14}.Debug|x86.ActiveCfg = Debug|x86
		{9ADB8154-3627-4933-A168-1B60F7976C14}.Debug|x86.Build.0 = Debug|x86
		{9ADB8154-3627-4933-A168-1B60F7976C14}.Release|Any CPU.ActiveCfg = Release|x86
		{9ADB8154-3627-4933-A168-1B60F7976C14}.Release|Mixed Platforms.ActiveCfg = Release|x86
		{9ADB8154-3627-4933-A168-1B60F7976C14}.Release|Mixed Platforms.Build.0 = Release|x86
		{9ADB8154-3627-4933-A168-1B60F7976C14}.Release|x86.ActiveCfg = Release|x86
		{9ADB8154-3627-4933-A168-1B60F7976C14}.Release|x86.Build.0 = Release|x86
		{544D82E8-CC62-4CF6-9CA5-C50E122D747F}.Debug|Any CPU.ActiveCfg = Debug|x86
		{544D82E8-CC62-4CF6-9CA5-C50E122D747F}.Debug|Mixed Platforms.ActiveCfg = Debug|x86
		{544D82E8-CC62-4CF6-9CA5-C50E122D747F}.Debug|Mixed Platforms.Build.0 = Debug|x86
		{544D82E8-CC62-4CF6-9CA5-C50E122D747F}.Debug|x86.ActiveCfg = Debug|x86
		{544D82E8-CC62-4CF6-9CA5-C50E122D747F}.Debug|x86.Build.0 = Debug|x86
		{544D82E8-CC62-4CF6-9CA5-C50E122D747F}.Release|Any CPU.ActiveCfg = Release|x86
		{544D82E8-CC62-4CF6-9CA5-C50E122D747F}.Release|Mixed Platforms.ActiveCfg = Release|x86
		{544D82E8-CC62-4CF6-9CA5-C50E122D747F}.Release|Mixed Platforms.Build.0 = Release|x86
		{544D82E8-CC62-4CF6-9CA5-C50E122D747F}.Release|x86.ActiveCfg = Release|x86
		{544D82E8-CC62-4CF6-9CA5-C50E122D747F}.Release|x86.Build.0 = Release|x86
		{D0EED2B3-64F9-4E6A-9FE9-623795484C64}.Debug|Any CPU.ActiveCfg = Debug|x86
		{D0EED2B3-64F9-4E6A-9FE9-623795484C64}.Debug|Mixed Platforms.ActiveCfg = Debug|x86
		{D0EED2B3-64F9-4E6A-9FE9-623795484C64}.Debug|Mixed Platforms.Build.0 = Debug|x86
		{D0EED2B3-64F9-4E6A-9FE9-623795484C64}.Debug|x86.ActiveCfg = Debug|x86
		{D0EED2B3-64F9-4E6A-9FE9-623795484C64}.Debug|x86.Build.0 = Debug|x86
		{D0EED2B3-64F9-4E6A-9FE9-623795484C64}.Release|Any CPU.ActiveCfg = Release|x86
		{D0EED2B3-64F9-4E6A-9FE9-623795484C64}.Release|Mixed Platforms.ActiveCfg = Release|x86
		{D0EED2B3-64F9-4E6A-9FE9-623795484C64}.Release|Mixed Platforms.Build.0 = Release|x86
		{D0EED2B3-64F9-4E6A-9FE9-623795484C64}.Release|x86.ActiveCfg = Release|x86
		{D0EED2B3-64F9-4E6A-9FE9-623795484C64}.Release|x86.Build.0 = Release|x86
		{04980A01-22D0-4FF6-ADD9-DCB6C770398A}.Debug|Any CPU.ActiveCfg = Debug|x86
		{04980A01-22D0-4FF6-ADD9-DCB6C770398A}.Debug|Mixed Platforms.ActiveCfg = Debug|x86
		{04980A01-22D0-4FF6-ADD9-DCB6C770398A}.Debug|Mixed Platforms.Build.0 = Debug|x86
		{04980A01-22D0-4FF6-ADD9-DCB6C770398A}.Debug|x86.ActiveCfg = Debug|x86
		{04980A01-22D0-4FF6-ADD9-DCB6C770398A}.Debug|x86.Build.0 = Debug|x86
		{04980A01-22D0-4FF6-ADD9-DCB6C770398A}.Release|Any CPU.ActiveCfg = Release|x86
		{04980A01-22D0-4FF6-ADD9-DCB6C770398A}.Release|Mixed Platforms.ActiveCfg = Release|x86
		{04980A01-22D0-4FF6-ADD9-DCB6C770398A}.Release|Mixed Platforms.Build.0 = Release|x86
		{04980A01-22D0-4FF6-ADD9-DCB6C770398A}.Release|x86.ActiveCfg = Release|x86
		{04980A01-22D0-4FF6-ADD9-DCB6C770398A}.Release|x86.Build.0 = Release|x86
		{711470DB-7317-473B-9FEF-596FDAC74A15}.Debug|Any CPU.ActiveCfg = Debug|x86
		{711470DB-7317-473B-9FEF-596FDAC74A15}.Debug|Mixed Platforms.ActiveCfg = Debug|x86
		{711470DB-7317-473B-9FEF-596FDAC74A15}.Debug|Mixed Platforms.Build.0 = Debug|x86
		{711470DB-7317-473B-9FEF-596FDAC74A15}.Debug|x86.ActiveCfg = Debug|x86
		{711470DB-7317-473B-9FEF-596FDAC74A15}.Debug|x86.Build.0 = Debug|x86
		{711470DB-7317-473B-9FEF-596FDAC74A15}.Release|Any CPU.ActiveCfg = Release|x86
		{711470DB-7317-473B-9FEF-596FDAC74A15}.Release|Mixed Platforms.ActiveCfg = Release|x86
		{711470DB-7317-473B-9FEF-596FDAC74A15}.Release|Mixed Platforms.Build.0 = Release|x86
		{711470DB-7317-473B-9FEF-596FDAC74A15}.Release|x86.ActiveCfg = Release|x86
		{711470DB-7317-473B-9FEF-596FDAC74A15}.Release|x86.Build.0 = Release|x86
		{3EED53C0-F612-4D63-BBC4-D73D5FBA1D06}.Debug|Any CPU.ActiveCfg = Debug|x86
		{3EED53C0-F612-4D63-BBC4-D73D5FBA1D06}.Debug|Mixed Platforms.ActiveCfg = Debug|x86
		{3EED53C0-F612-4D63-BBC4-D73D5FBA1D06}.Debug|Mixed Platforms.Build.0 = Debug|x86
		{3EED53C0-F612-4D63-BBC4-D73D5FBA1D06}.Debug|x86.ActiveCfg = Debug|x86
		{3EED53C0-F612-4D63-BBC4-D73D5FBA1D06}.Debug|x86.Build.0 = Debug|x86
		{3EED53C0-F612-4D63-BBC4-D73D5FBA1D06}.Release|Any CPU.ActiveCfg = Release|x86
		{3EED53C0-F612-4D63-BBC4-D73D5FBA1D06}.Release|Mixed Platforms.ActiveCfg = Release|x86
		{3EED53C0-F612-4D63-BBC4-D73D5FBA1D06}.Release|Mixed Platforms.Build.0 = Release|x86
		{3EED53C0-F612-4D63-BBC4-D73D5FBA1D06}.Release|x86.ActiveCfg = Release|x86
		{3EED53C0-F612-4D63-BBC4-D73D5FBA1D06}.Release|x86.Build.0 = Release|x86
		{9EE0AC11-735C-4B42-AD3A-A33D88AB0C0C}.Debug|Any CPU.ActiveCfg = Debug|x86
		{9EE0AC11-735C-4B42-AD3A-A33D88AB0C0C}.Debug|Mixed Platforms.ActiveCfg = Debug|x86
		{9EE0AC11-735C-4B42-AD3A-A33D88AB0C0C}.Debug|Mixed Platforms.Build.0 = Debug|x86
		{9EE0AC11-735C-4B42-AD3A-A33D88AB0C0C}.Debug|x86.ActiveCfg = Debug|x86
		{9EE0AC11-735C-4B42-AD3A-A33D88AB0C0C}.Debug|x86.Build.0 = Debug|x86
		{9EE0AC11-735C-4B42-AD3A-A33D88AB0C0C}.Release|Any CPU.ActiveCfg = Release|x86
		{9EE0AC11-735C-4B42-AD3A-A33D88AB0C0C}.Release|Mixed Platforms.ActiveCfg = Release|x86
		{9EE0AC11-735C-4B42-AD3A-A33D88AB0C0C}.Release|Mixed Platforms.Build.0 = Release|x86
		{9EE0AC11-735C-4B42-AD3A-A33D88AB0C0C}.Release|x86.ActiveCfg = Release|x86
		{9EE0AC11-735C-4B42-AD3A-A33D88AB0C0C}.Release|x86.Build.0 = Release|x86
		{7BAFAEDE-35A0-42D9-8C7F-400E19B08CBD}.Debug|Any CPU.ActiveCfg = Debug|x86
		{7BAFAEDE-35A0-42D9-8C7F-400E19B08CBD}.Debug|Mixed Platforms.ActiveCfg = Debug|x86
		{7BAFAEDE-35A0-42D9-8C7F-400E19B08CBD}.Debug|Mixed Platforms.Build.0 = Debug|x86
		{7BAFAEDE-35A0-42D9-8C7F-400E19B08CBD}.Debug|x86.ActiveCfg = Debug|x86
		{7BAFAEDE-35A0-42D9-8C7F-400E19B08CBD}.Debug|x86.Build.0 = Debug|x86
		{7BAFAEDE-35A0-42D9-8C7F-400E19B08CBD}.Release|Any CPU.ActiveCfg = Release|x86
		{7BAFAEDE-35A0-42D9-8C7F-400E19B08CBD}.Release|Mixed Platforms.ActiveCfg = Release|x86
		{7BAFAEDE-35A0-42D9-8C7F-400E19B08CBD}.Release|Mixed Platforms.Build.0 = Release|x86
		{7BAFAEDE-35A0-42D9-8C7F-400E19B08CBD}.Release|x86.ActiveCfg = Release|x86
		{7BAFAEDE-35A0-42D9-8C7F-400E19B08CBD}.Release|x86.Build.0 = Release|x86
		{A1928BE9-99B6-4E5E-A8E3-38D40DA4644D}.Debug|Any CPU.ActiveCfg = Debug|x86
		{A1928BE9-99B6-4E5E-A8E3-38D40DA4644D}.Debug|Mixed Platforms.ActiveCfg = Debug|x86
		{A1928BE9-99B6-4E5E-A8E3-38D40DA4644D}.Debug|Mixed Platforms.Build.0 = Debug|x86
		{A1928BE9-99B6-4E5E-A8E3-38D40DA4644D}.Debug|x86.ActiveCfg = Debug|x86
		{A1928BE9-99B6-4E5E-A8E3-38D40DA4644D}.Debug|x86.Build.0 = Debug|x86
		{A1928BE9-99B6-4E5E-A8E3-38D40DA4644D}.Release|Any CPU.ActiveCfg = Release|x86
		{A1928BE9-99B6-4E5E-A8E3-38D40DA4644D}.Release|Mixed Platforms.ActiveCfg = Release|x86
		{A1928BE9-99B6-4E5E-A8E3-38D40DA4644D}.Release|Mixed Platforms.Build.0 = Release|x86
		{A1928BE9-99B6-4E5E-A8E3-38D40DA4644D}.Release|x86.ActiveCfg = Release|x86
		{A1928BE9-99B6-4E5E-A8E3-38D40DA4644D}.Release|x86.Build.0 = Release|x86
		{539EDF30-BB74-44AB-8F67-001C2529E243}.Debug|Any CPU.ActiveCfg = Debug|x86
		{539EDF30-BB74-44AB-8F67-001C2529E243}.Debug|Mixed Platforms.ActiveCfg = Debug|x86
		{539EDF30-BB74-44AB-8F67-001C2529E243}.Debug|Mixed Platforms.Build.0 = Debug|x86
		{539EDF30-BB74-44AB-8F67-001C2529E243}.Debug|x86.ActiveCfg = Debug|x86
		{539EDF30-BB74-44AB-8F67-001C2529E243}.Debug|x86.Build.0 = Debug|x86
		{539EDF30-BB74-44AB-8F67-001C2529E243}.Release|Any CPU.ActiveCfg = Release|x86
		{539EDF30-BB74-44AB-8F67-001C2529E243}.Release|Mixed Platforms.ActiveCfg = Release|x86
		{539EDF30-BB74-44AB-8F67-001C2529E243}.Release|Mixed Platforms.Build.0 = Release|x86
		{539EDF30-BB74-44AB-8F67-001C2529E243}.Release|x86.ActiveCfg = Release|x86
		{539EDF30-BB74-44AB-8F67-001C2529E243}.Release|x86.Build.0 = Release|x86
		{56FC99CD-15DE-4224-A145-7F33D6B11C66}.Debug|Any CPU.ActiveCfg = Debug|x86
		{56FC99CD-15DE-4224-A145-7F33D6B11C66}.Debug|Mixed Platforms.ActiveCfg = Debug|x86
		{56FC99CD-15DE-4224-A145-7F33D6B11C66}.Debug|Mixed Platforms.Build.0 = Debug|x86
		{56FC99CD-15DE-4224-A145-7F33D6B11C66}.Debug|x86.ActiveCfg = Debug|x86
		{56FC99CD-15DE-4224-A145-7F33D6B11C66}.Debug|x86.Build.0 = Debug|x86
		{56FC99CD-15DE-4224-A145-7F33D6B11C66}.Release|Any CPU.ActiveCfg = Release|x86
		{56FC99CD-15DE-4224-A145-7F33D6B11C66}.Release|Mixed Platforms.ActiveCfg = Release|x86
		{56FC99CD-15DE-4224-A145-7F33D6B11C66}.Release|Mixed Platforms.Build.0 = Release|x86
		{56FC99CD-15DE-4224-A145-7F33D6B11C66}.Release|x86.ActiveCfg = Release|x86
		{56FC99CD-15DE-4224-A145-7F33D6B11C66}.Release|x86.Build.0 = Release|x86
		{CC2FD7A4-BF89-433D-8E21-77390A0343D0}.Debug|Any CPU.ActiveCfg = Debug|x86
		{CC2FD7A4-BF89-433D-8E21-77390A0343D0}.Debug|Mixed Platforms.ActiveCfg = Debug|x86
		{CC2FD7A4-BF89-433D-8E21-77390A0343D0}.Debug|Mixed Platforms.Build.0 = Debug|x86
		{CC2FD7A4-BF89-433D-8E21-77390A0343D0}.Debug|x86.ActiveCfg = Debug|x86
		{CC2FD7A4-BF89-433D-8E21-77390A0343D0}.Debug|x86.Build.0 = Debug|x86
		{CC2FD7A4-BF89-433D-8E21-77390A0343D0}.Release|Any CPU.ActiveCfg = Release|x86
		{CC2FD7A4-BF89-433D-8E21-77390A0343D0}.Release|Mixed Platforms.ActiveCfg = Release|x86
		{CC2FD7A4-BF89-433D-8E21-77390A0343D0}.Release|Mixed Platforms.Build.0 = Release|x86
		{CC2FD7A4-BF89-433D-8E21-77390A0343D0}.Release|x86.ActiveCfg = Release|x86
		{CC2FD7A4-BF89-433D-8E21-77390A0343D0}.Release|x86.Build.0 = Release|x86
		{BFB0F339-C67F-4AF1-861A-09B4202BF319}.Debug|Any CPU.ActiveCfg = Debug|x86
		{BFB0F339-C67F-4AF1-861A-09B4202BF319}.Debug|Mixed Platforms.ActiveCfg = Debug|x86
		{BFB0F339-C67F-4AF1-861A-09B4202BF319}.Debug|Mixed Platforms.Build.0 = Debug|x86
		{BFB0F339-C67F-4AF1-861A-09B4202BF319}.Debug|x86.ActiveCfg = Debug|x86
		{BFB0F339-C67F-4AF1-861A-09B4202BF319}.Debug|x86.Build.0 = Debug|x86
		{BFB0F339-C67F-4AF1-861A-09B4202BF319}.Release|Any CPU.ActiveCfg = Release|x86
		{BFB0F339-C67F-4AF1-861A-09B4202BF319}.Release|Mixed Platforms.ActiveCfg = Release|x86
		{BFB0F339-C67F-4AF1-861A-09B4202BF319}.Release|Mixed Platforms.Build.0 = Release|x86
		{BFB0F339-C67F-4AF1-861A-09B4202BF319}.Release|x86.ActiveCfg = Release|x86
		{BFB0F339-C67F-4AF1-861A-09B4202BF319}.Release|x86.Build.0 = Release|x86
		{8323DF30-D0A6-42DF-81A8-C3DB9A426322}.Debug|Any CPU.ActiveCfg = Debug|x86
		{8323DF30-D0A6-42DF-81A8-C3DB9A426322}.Debug|Mixed Platforms.ActiveCfg = Debug|x86
		{8323DF30-D0A6-42DF-81A8-C3DB9A426322}.Debug|Mixed Platforms.Build.0 = Debug|x86
		{8323DF30-D0A6-42DF-81A8-C3DB9A426322}.Debug|x86.ActiveCfg = Debug|x86
		{8323DF30-D0A6-42DF-81A8-C3DB9A426322}.Debug|x86.Build.0 = Debug|x86
		{8323DF30-D0A6-42DF-81A8-C3DB9A426322}.Release|Any CPU.ActiveCfg = Release|x86
		{8323DF30-D0A6-42DF-81A8-C3DB9A426322}.Release|Mixed Platforms.ActiveCfg = Release|x86
		{8323DF30-D0A6-42DF-81A8-C3DB9A426322}.Release|Mixed Platforms.Build.0 = Release|x86
		{8323DF30-D0A6-42DF-81A8-C3DB9A426322}.Release|x86.ActiveCfg = Release|x86
		{8323DF30-D0A6-42DF-81A8-C3DB9A426322}.Release|x86.Build.0 = Release|x86
		{96462307-9F52-4221-AC4A-15E67E23A283}.Debug|Any CPU.ActiveCfg = Debug|x86
		{96462307-9F52-4221-AC4A-15E67E23A283}.Debug|Mixed Platforms.ActiveCfg = Debug|x86
		{96462307-9F52-4221-AC4A-15E67E23A283}.Debug|Mixed Platforms.Build.0 = Debug|x86
		{96462307-9F52-4221-AC4A-15E67E23A283}.Debug|x86.ActiveCfg = Debug|x86
		{96462307-9F52-4221-AC4A-15E67E23A283}.Debug|x86.Build.0 = Debug|x86
		{96462307-9F52-4221-AC4A-15E67E23A283}.Release|Any CPU.ActiveCfg = Release|x86
		{96462307-9F52-4221-AC4A-15E67E23A283}.Release|Mixed Platforms.ActiveCfg = Release|x86
		{96462307-9F52-4221-AC4A-15E67E23A283}.Release|Mixed Platforms.Build.0 = Release|x86
		{96462307-9F52-4221-AC4A-15E67E23A283}.Release|x86.ActiveCfg = Release|x86
		{96462307-9F52-4221-AC4A-15E67E23A283}.Release|x86.Build.0 = Release|x86
		{6B2B5D13-4E86-41EA-AD14-68BA264F950E}.Debug|Any CPU.ActiveCfg = Debug|x86
		{6B2B5D13-4E86-41EA-AD14-68BA264F950E}.Debug|Mixed Platforms.ActiveCfg = Debug|x86
		{6B2B5D13-4E86-41EA-AD14-68BA264F950E}.Debug|Mixed Platforms.Build.0 = Debug|x86
		{6B2B5D13-4E86-41EA-AD14-68BA264F950E}.Debug|x86.ActiveCfg = Debug|x86
		{6B2B5D13-4E86-41EA-AD14-68BA264F950E}.Debug|x86.Build.0 = Debug|x86
		{6B2B5D13-4E86-41EA-AD14-68BA264F950E}.Release|Any CPU.ActiveCfg = Release|x86
		{6B2B5D13-4E86-41EA-AD14-68BA264F950E}.Release|Mixed Platforms.ActiveCfg = Release|x86
		{6B2B5D13-4E86-41EA-AD14-68BA264F950E}.Release|Mixed Platforms.Build.0 = Release|x86
		{6B2B5D13-4E86-41EA-AD14-68BA264F950E}.Release|x86.ActiveCfg = Release|x86
		{6B2B5D13-4E86-41EA-AD14-68BA264F950E}.Release|x86.Build.0 = Release|x86
		{49740FE6-9522-4C25-868D-79AD710169A5}.Debug|Any CPU.ActiveCfg = Debug|x86
		{49740FE6-9522-4C25-868D-79AD710169A5}.Debug|Mixed Platforms.ActiveCfg = Debug|x86
		{49740FE6-9522-4C25-868D-79AD710169A5}.Debug|Mixed Platforms.Build.0 = Debug|x86
		{49740FE6-9522-4C25-868D-79AD710169A5}.Debug|x86.ActiveCfg = Debug|x86
		{49740FE6-9522-4C25-868D-79AD710169A5}.Debug|x86.Build.0 = Debug|x86
		{49740FE6-9522-4C25-868D-79AD710169A5}.Release|Any CPU.ActiveCfg = Release|x86
		{49740FE6-9522-4C25-868D-79AD710169A5}.Release|Mixed Platforms.ActiveCfg = Release|x86
		{49740FE6-9522-4C25-868D-79AD710169A5}.Release|Mixed Platforms.Build.0 = Release|x86
		{49740FE6-9522-4C25-868D-79AD710169A5}.Release|x86.ActiveCfg = Release|x86
		{49740FE6-9522-4C25-868D-79AD710169A5}.Release|x86.Build.0 = Release|x86
		{0153BFF9-314E-4817-8B11-F7E0D16FE63F}.Debug|Any CPU.ActiveCfg = Debug|x86
		{0153BFF9-314E-4817-8B11-F7E0D16FE63F}.Debug|Mixed Platforms.ActiveCfg = Debug|x86
		{0153BFF9-314E-4817-8B11-F7E0D16FE63F}.Debug|Mixed Platforms.Build.0 = Debug|x86
		{0153BFF9-314E-4817-8B11-F7E0D16FE63F}.Debug|x86.ActiveCfg = Debug|x86
		{0153BFF9-314E-4817-8B11-F7E0D16FE63F}.Debug|x86.Build.0 = Debug|x86
		{0153BFF9-314E-4817-8B11-F7E0D16FE63F}.Release|Any CPU.ActiveCfg = Release|x86
		{0153BFF9-314E-4817-8B11-F7E0D16FE63F}.Release|Mixed Platforms.ActiveCfg = Release|x86
		{0153BFF9-314E-4817-8B11-F7E0D16FE63F}.Release|Mixed Platforms.Build.0 = Release|x86
		{0153BFF9-314E-4817-8B11-F7E0D16FE63F}.Release|x86.ActiveCfg = Release|x86
		{0153BFF9-314E-4817-8B11-F7E0D16FE63F}.Release|x86.Build.0 = Release|x86
		{3F05BC83-74D4-4FB3-96CC-BB48E7A28273}.Debug|Any CPU.ActiveCfg = Debug|x86
		{3F05BC83-74D4-4FB3-96CC-BB48E7A28273}.Debug|Mixed Platforms.ActiveCfg = Debug|x86
		{3F05BC83-74D4-4FB3-96CC-BB48E7A28273}.Debug|Mixed Platforms.Build.0 = Debug|x86
		{3F05BC83-74D4-4FB3-96CC-BB48E7A28273}.Debug|x86.ActiveCfg = Debug|x86
		{3F05BC83-74D4-4FB3-96CC-BB48E7A28273}.Debug|x86.Build.0 = Debug|x86
		{3F05BC83-74D4-4FB3-96CC-BB48E7A28273}.Release|Any CPU.ActiveCfg = Release|x86
		{3F05BC83-74D4-4FB3-96CC-BB48E7A28273}.Release|Mixed Platforms.ActiveCfg = Release|x86
		{3F05BC83-74D4-4FB3-96CC-BB48E7A28273}.Release|Mixed Platforms.Build.0 = Release|x86
		{3F05BC83-74D4-4FB3-96CC-BB48E7A28273}.Release|x86.ActiveCfg = Release|x86
		{3F05BC83-74D4-4FB3-96CC-BB48E7A28273}.Release|x86.Build.0 = Release|x86
	EndGlobalSection
	GlobalSection(SolutionProperties) = preSolution
		HideSolutionNode = FALSE
	EndGlobalSection
EndGlobal
